
Microsoft Visual Studio Solution File, Format Version 12.00
# Visual Studio 15
VisualStudioVersion = 15.0.27130.2010
MinimumVisualStudioVersion = 10.0.40219.1
Project("{9092AA53-FB77-4645-B42D-1CCCA6BD08BD}") = "NodejsConsoleApp2", "NodejsConsoleApp2\NodejsConsoleApp2.njsproj", "{4AD9A57B-5113-42F1-BC56-449C1D697BD0}"
EndProject
Global
	GlobalSection(SolutionConfigurationPlatforms) = preSolution
		Debug|Any CPU = Debug|Any CPU
		Release|Any CPU = Release|Any CPU
	EndGlobalSection
	GlobalSection(ProjectConfigurationPlatforms) = postSolution
		{4AD9A57B-5113-42F1-BC56-449C1D697BD0}.Debug|Any CPU.ActiveCfg = Debug|Any CPU
		{4AD9A57B-5113-42F1-BC56-449C1D697BD0}.Debug|Any CPU.Build.0 = Debug|Any CPU
		{4AD9A57B-5113-42F1-BC56-449C1D697BD0}.Release|Any CPU.ActiveCfg = Release|Any CPU
		{4AD9A57B-5113-42F1-BC56-449C1D697BD0}.Release|Any CPU.Build.0 = Release|Any CPU
	EndGlobalSection
	GlobalSection(SolutionProperties) = preSolution
		HideSolutionNode = FALSE
	EndGlobalSection
	GlobalSection(ExtensibilityGlobals) = postSolution
		SolutionGuid = {F6523235-5FE9-474D-96BC-CFB3787EC545}
	EndGlobalSection
EndGlobal
